{
    "name": "rootfs",
    "lockfileVersion": 3,
    "requires": true,
    "packages": {
        "": {
            "dependencies": {
                "tuya-ws": "^0.0.1"
            }
        },
        "node_modules/crypto-js": {
            "version": "4.2.0",
            "resolved": "https://registry.npmjs.org/crypto-js/-/crypto-js-4.2.0.tgz",
            "integrity": "sha512-KALDyEYgpY+Rlob/iriUtjV6d5Eq+Y191A5g4UqLAi8CyGP9N1+FdVbkc1SxKc2r4YAYqG8JzO2KGL+AizD70Q=="
        },
        "node_modules/tuya-ws": {
            "version": "0.0.1",
            "resolved": "https://registry.npmjs.org/tuya-ws/-/tuya-ws-0.0.1.tgz",
            "integrity": "sha512-9qpoa6Q8N5x+2dsAAm5Hc0fYqK5pvXLm6amfHXn87JoQxUJJzPqxN04rDbJxzQKIuMFM0rwL3aBiVJtaL09hkw==",
            "dependencies": {
                "crypto-js": "^4.0.0",
                "ws": "^7.4.5"
            }
        },
        "node_modules/tuya-ws/node_modules/ws": {
            "version": "7.5.9",
            "resolved": "https://registry.npmjs.org/ws/-/ws-7.5.9.tgz",
            "integrity": "sha512-F+P9Jil7UiSKSkppIiD94dN07AwvFixvLIj1Og1Rl9GGMuNipJnV9JzjD6XuqmAeiswGvUmNLjr5cFuXwNS77Q==",
            "engines": {
                "node": ">=8.3.0"
            },
            "peerDependencies": {
                "bufferutil": "^4.0.1",
                "utf-8-validate": "^5.0.2"
            },
            "peerDependenciesMeta": {
                "bufferutil": {
                    "optional": true
                },
                "utf-8-validate": {
                    "optional": true
                }
            }
        }
    }
}
